# THIS IS AN AUTOGENERATED FILE. DO NOT EDIT THIS FILE DIRECTLY.
# yarn lockfile v1


"@babel/runtime@^7.27.6":
  version "7.27.6"
  resolved "https://registry.yarnpkg.com/@babel/runtime/-/runtime-7.27.6.tgz#ec4070a04d76bae8ddbb10770ba55714a417b7c6"
  integrity sha512-vbavdySgbTTrmFE+EsiqUTzlOr5bzlnJtUv9PynGCAKvfQqjIXbvFdumPM/GxMDfyuGMJaJAU6TO4zc1Jf1i8Q==

"@base-ui-components/react@^1.0.0-beta.1":
  version "1.0.0-beta.1"
  resolved "https://registry.yarnpkg.com/@base-ui-components/react/-/react-1.0.0-beta.1.tgz#158cfefb5d2b04fae37f8774d23e73f53b3d3b31"
  integrity sha512-7zmGiz4/+HKnv99lWftItoSMqnj2PdSvt2krh0/GP+Rj0xK0NMnFI/gIVvP7CB2G+k0JPUrRWXjXa3y08oiakg==
  dependencies:
    "@babel/runtime" "^7.27.6"
    "@floating-ui/react-dom" "^2.1.3"
    "@floating-ui/utils" "^0.2.9"
    reselect "^5.1.1"
    tabbable "^6.2.0"
    use-sync-external-store "^1.5.0"

"@floating-ui/core@^1.7.2":
  version "1.7.2"
  resolved "https://registry.yarnpkg.com/@floating-ui/core/-/core-1.7.2.tgz#3d1c35263950b314b6d5a72c8bfb9e3c1551aefd"
  integrity sha512-wNB5ooIKHQc+Kui96jE/n69rHFWAVoxn5CAzL1Xdd8FG03cgY3MLO+GF9U3W737fYDSgPWA6MReKhBQBop6Pcw==
  dependencies:
    "@floating-ui/utils" "^0.2.10"

"@floating-ui/dom@^1.7.2":
  version "1.7.2"
  resolved "https://registry.yarnpkg.com/@floating-ui/dom/-/dom-1.7.2.tgz#3540b051cf5ce0d4f4db5fb2507a76e8ea5b4a45"
  integrity sha512-7cfaOQuCS27HD7DX+6ib2OrnW+b4ZBwDNnCcT0uTyidcmyWb03FnQqJybDBoCnpdxwBSfA94UAYlRCt7mV+TbA==
  dependencies:
    "@floating-ui/core" "^1.7.2"
    "@floating-ui/utils" "^0.2.10"

"@floating-ui/react-dom@^2.1.3":
  version "2.1.4"
  resolved "https://registry.yarnpkg.com/@floating-ui/react-dom/-/react-dom-2.1.4.tgz#a0689be8978352fff2be2dfdd718cf668c488ec3"
  integrity sha512-JbbpPhp38UmXDDAu60RJmbeme37Jbgsm7NrHGgzYYFKmblzRUh6Pa641dII6LsjwF4XlScDrde2UAzDo/b9KPw==
  dependencies:
    "@floating-ui/dom" "^1.7.2"

"@floating-ui/utils@^0.2.10", "@floating-ui/utils@^0.2.9":
  version "0.2.10"
  resolved "https://registry.yarnpkg.com/@floating-ui/utils/-/utils-0.2.10.tgz#a2a1e3812d14525f725d011a73eceb41fef5bc1c"
  integrity sha512-aGTxbpbg8/b5JfU1HXSrbH3wXZuLPJcNEcZQFMxLs3oSzgtVu6nFPkbbGGUvBcUjKV2YyB9Wxxabo+HEH9tcRQ==

htm@^3.1.1:
  version "3.1.1"
  resolved "https://registry.yarnpkg.com/htm/-/htm-3.1.1.tgz#49266582be0dc66ed2235d5ea892307cc0c24b78"
  integrity sha512-983Vyg8NwUE7JkZ6NmOqpCZ+sh1bKv2iYTlUkzlWmA5JD2acKoxd4KVxbMmxX/85mtfdnDmTFoNKcg5DGAvxNQ==

preact@^10.26.9:
  version "10.26.9"
  resolved "https://registry.yarnpkg.com/preact/-/preact-10.26.9.tgz#b3898d1b65140640799062ad73b89846c293b6a7"
  integrity sha512-SSjF9vcnF27mJK1XyFMNJzFd5u3pQiATFqoaDy03XuN00u4ziveVVEGt5RKJrDR8MHE/wJo9Nnad56RLzS2RMA==

reselect@^5.1.1:
  version "5.1.1"
  resolved "https://registry.yarnpkg.com/reselect/-/reselect-5.1.1.tgz#c766b1eb5d558291e5e550298adb0becc24bb72e"
  integrity sha512-K/BG6eIky/SBpzfHZv/dd+9JBFiS4SWV7FIujVyJRux6e45+73RaUHXLmIR1f7WOMaQ0U1km6qwklRQxpJJY0w==

tabbable@^6.2.0:
  version "6.2.0"
  resolved "https://registry.yarnpkg.com/tabbable/-/tabbable-6.2.0.tgz#732fb62bc0175cfcec257330be187dcfba1f3b97"
  integrity sha512-Cat63mxsVJlzYvN51JmVXIgNoUokrIaT2zLclCXjRd8boZ0004U4KCs/sToJ75C6sdlByWxpYnb5Boif1VSFew==

use-sync-external-store@^1.5.0:
  version "1.5.0"
  resolved "https://registry.yarnpkg.com/use-sync-external-store/-/use-sync-external-store-1.5.0.tgz#55122e2a3edd2a6c106174c27485e0fd59bcfca0"
  integrity sha512-Rb46I4cGGVBmjamjphe8L/UnvJD+uPPtTkNvX5mZgqdbavhI4EbgIWJiIHXJ8bc/i9EQGPRh4DwEURJ552Do0A==
